
Microsoft Visual Studio Solution File, Format Version 12.00
# Visual Studio Version 17
VisualStudioVersion = 17.9.34723.18
MinimumVisualStudioVersion = 10.0.40219.1
Project("{9A19103F-16F7-4668-BE54-9A1E7A4F7556}") = "OTS.Data", "OTS.Data\OTS.Data.csproj", "{4A73266A-4BF8-400A-917C-649A06BDC121}"
EndProject
Project("{9A19103F-16F7-4668-BE54-9A1E7A4F7556}") = "OTS.UI", "OTS.UI\OTS.UI.csproj", "{E9C465B7-65AC-4DF8-806F-214D89F80C6F}"
EndProject
Global
	GlobalSection(SolutionConfigurationPlatforms) = preSolution
		Debug|Any CPU = Debug|Any CPU
		Release|Any CPU = Release|Any CPU
	EndGlobalSection
	GlobalSection(ProjectConfigurationPlatforms) = postSolution
		{4A73266A-4BF8-400A-917C-649A06BDC121}.Debug|Any CPU.ActiveCfg = Debug|Any CPU
		{4A73266A-4BF8-400A-917C-649A06BDC121}.Debug|Any CPU.Build.0 = Debug|Any CPU
		{4A73266A-4BF8-400A-917C-649A06BDC121}.Release|Any CPU.ActiveCfg = Release|Any CPU
		{4A73266A-4BF8-400A-917C-649A06BDC121}.Release|Any CPU.Build.0 = Release|Any CPU
		{E9C465B7-65AC-4DF8-806F-214D89F80C6F}.Debug|Any CPU.ActiveCfg = Debug|Any CPU
		{E9C465B7-65AC-4DF8-806F-214D89F80C6F}.Debug|Any CPU.Build.0 = Debug|Any CPU
		{E9C465B7-65AC-4DF8-806F-214D89F80C6F}.Release|Any CPU.ActiveCfg = Release|Any CPU
		{E9C465B7-65AC-4DF8-806F-214D89F80C6F}.Release|Any CPU.Build.0 = Release|Any CPU
	EndGlobalSection
	GlobalSection(SolutionProperties) = preSolution
		HideSolutionNode = FALSE
	EndGlobalSection
	GlobalSection(ExtensibilityGlobals) = postSolution
		SolutionGuid = {2CB1494B-84FA-43C9-AEB6-F2CF347BBFCF}
	EndGlobalSection
EndGlobal
